
Microsoft Visual Studio Solution File, Format Version 12.00
# Visual Studio Version 17
VisualStudioVersion = 17.13.35825.156 d17.13
MinimumVisualStudioVersion = 10.0.40219.1
Project("{8BC9CEB8-8B4A-11D0-8D11-00A0C91BC942}") = "Problem1", "Problem1\Problem1.vcxproj", "{FD589ABF-1432-4B5E-8DA3-99D0FAB2B29B}"
EndProject
Project("{8BC9CEB8-8B4A-11D0-8D11-00A0C91BC942}") = "Problem2", "Problem2\Problem2.vcxproj", "{0D429E92-BCC0-417C-8A6A-56B0F2427A41}"
EndProject
Project("{8BC9CEB8-8B4A-11D0-8D11-00A0C91BC942}") = "Problem3", "Problem3\Problem3.vcxproj", "{EABFD4DF-17A7-4A56-B566-B94CE5B936C1}"
EndProject
Project("{8BC9CEB8-8B4A-11D0-8D11-00A0C91BC942}") = "Problem4", "Problem4\Problem4.vcxproj", "{BFECC937-2BE1-4EF3-BE71-E29F86E94092}"
EndProject
Global
	GlobalSection(SolutionConfigurationPlatforms) = preSolution
		Debug|x64 = Debug|x64
		Debug|x86 = Debug|x86
		Release|x64 = Release|x64
		Release|x86 = Release|x86
	EndGlobalSection
	GlobalSection(ProjectConfigurationPlatforms) = postSolution
		{FD589ABF-1432-4B5E-8DA3-99D0FAB2B29B}.Debug|x64.ActiveCfg = Debug|x64
		{FD589ABF-1432-4B5E-8DA3-99D0FAB2B29B}.Debug|x64.Build.0 = Debug|x64
		{FD589ABF-1432-4B5E-8DA3-99D0FAB2B29B}.Debug|x86.ActiveCfg = Debug|Win32
		{FD589ABF-1432-4B5E-8DA3-99D0FAB2B29B}.Debug|x86.Build.0 = Debug|Win32
		{FD589ABF-1432-4B5E-8DA3-99D0FAB2B29B}.Release|x64.ActiveCfg = Release|x64
		{FD589ABF-1432-4B5E-8DA3-99D0FAB2B29B}.Release|x64.Build.0 = Release|x64
		{FD589ABF-1432-4B5E-8DA3-99D0FAB2B29B}.Release|x86.ActiveCfg = Release|Win32
		{FD589ABF-1432-4B5E-8DA3-99D0FAB2B29B}.Release|x86.Build.0 = Release|Win32
		{0D429E92-BCC0-417C-8A6A-56B0F2427A41}.Debug|x64.ActiveCfg = Debug|x64
		{0D429E92-BCC0-417C-8A6A-56B0F2427A41}.Debug|x64.Build.0 = Debug|x64
		{0D429E92-BCC0-417C-8A6A-56B0F2427A41}.Debug|x86.ActiveCfg = Debug|Win32
		{0D429E92-BCC0-417C-8A6A-56B0F2427A41}.Debug|x86.Build.0 = Debug|Win32
		{0D429E92-BCC0-417C-8A6A-56B0F2427A41}.Release|x64.ActiveCfg = Release|x64
		{0D429E92-BCC0-417C-8A6A-56B0F2427A41}.Release|x64.Build.0 = Release|x64
		{0D429E92-BCC0-417C-8A6A-56B0F2427A41}.Release|x86.ActiveCfg = Release|Win32
		{0D429E92-BCC0-417C-8A6A-56B0F2427A41}.Release|x86.Build.0 = Release|Win32
		{EABFD4DF-17A7-4A56-B566-B94CE5B936C1}.Debug|x64.ActiveCfg = Debug|x64
		{EABFD4DF-17A7-4A56-B566-B94CE5B936C1}.Debug|x64.Build.0 = Debug|x64
		{EABFD4DF-17A7-4A56-B566-B94CE5B936C1}.Debug|x86.ActiveCfg = Debug|Win32
		{EABFD4DF-17A7-4A56-B566-B94CE5B936C1}.Debug|x86.Build.0 = Debug|Win32
		{EABFD4DF-17A7-4A56-B566-B94CE5B936C1}.Release|x64.ActiveCfg = Release|x64
		{EABFD4DF-17A7-4A56-B566-B94CE5B936C1}.Release|x64.Build.0 = Release|x64
		{EABFD4DF-17A7-4A56-B566-B94CE5B936C1}.Release|x86.ActiveCfg = Release|Win32
		{EABFD4DF-17A7-4A56-B566-B94CE5B936C1}.Release|x86.Build.0 = Release|Win32
		{BFECC937-2BE1-4EF3-BE71-E29F86E94092}.Debug|x64.ActiveCfg = Debug|x64
		{BFECC937-2BE1-4EF3-BE71-E29F86E94092}.Debug|x64.Build.0 = Debug|x64
		{BFECC937-2BE1-4EF3-BE71-E29F86E94092}.Debug|x86.ActiveCfg = Debug|Win32
		{BFECC937-2BE1-4EF3-BE71-E29F86E94092}.Debug|x86.Build.0 = Debug|Win32
		{BFECC937-2BE1-4EF3-BE71-E29F86E94092}.Release|x64.ActiveCfg = Release|x64
		{BFECC937-2BE1-4EF3-BE71-E29F86E94092}.Release|x64.Build.0 = Release|x64
		{BFECC937-2BE1-4EF3-BE71-E29F86E94092}.Release|x86.ActiveCfg = Release|Win32
		{BFECC937-2BE1-4EF3-BE71-E29F86E94092}.Release|x86.Build.0 = Release|Win32
	EndGlobalSection
	GlobalSection(SolutionProperties) = preSolution
		HideSolutionNode = FALSE
	EndGlobalSection
	GlobalSection(ExtensibilityGlobals) = postSolution
		SolutionGuid = {79625EDA-9672-4BD6-905E-02B4A88CC1DE}
	EndGlobalSection
EndGlobal
